
Microsoft Visual Studio Solution File, Format Version 12.00
# Visual Studio Version 16
VisualStudioVersion = 16.0.30011.22
MinimumVisualStudioVersion = 10.0.40219.1
Project("{FAE04EC0-301F-11D3-BF4B-00C04F79EFBC}") = "BlazorApp3.Server", "BlazorApp3\Server\BlazorApp3.Server.csproj", "{B3EDECBE-E365-40BE-84F4-4CF836E807BB}"
EndProject
Project("{FAE04EC0-301F-11D3-BF4B-00C04F79EFBC}") = "BlazorApp3.Client", "BlazorApp3\Client\BlazorApp3.Client.csproj", "{F744B642-2F6A-428B-8DF1-AAA7AB1179C4}"
EndProject
Project("{FAE04EC0-301F-11D3-BF4B-00C04F79EFBC}") = "BlazorApp3.Shared", "BlazorApp3\Shared\BlazorApp3.Shared.csproj", "{93D99E6F-19A4-4B84-9D66-ACDB7E6407DF}"
EndProject
Global
	GlobalSection(SolutionConfigurationPlatforms) = preSolution
		Debug|Any CPU = Debug|Any CPU
		Release|Any CPU = Release|Any CPU
	EndGlobalSection
	GlobalSection(ProjectConfigurationPlatforms) = postSolution
		{B3EDECBE-E365-40BE-84F4-4CF836E807BB}.Debug|Any CPU.ActiveCfg = Debug|Any CPU
		{B3EDECBE-E365-40BE-84F4-4CF836E807BB}.Debug|Any CPU.Build.0 = Debug|Any CPU
		{B3EDECBE-E365-40BE-84F4-4CF836E807BB}.Release|Any CPU.ActiveCfg = Release|Any CPU
		{B3EDECBE-E365-40BE-84F4-4CF836E807BB}.Release|Any CPU.Build.0 = Release|Any CPU
		{F744B642-2F6A-428B-8DF1-AAA7AB1179C4}.Debug|Any CPU.ActiveCfg = Debug|Any CPU
		{F744B642-2F6A-428B-8DF1-AAA7AB1179C4}.Debug|Any CPU.Build.0 = Debug|Any CPU
		{F744B642-2F6A-428B-8DF1-AAA7AB1179C4}.Release|Any CPU.ActiveCfg = Release|Any CPU
		{F744B642-2F6A-428B-8DF1-AAA7AB1179C4}.Release|Any CPU.Build.0 = Release|Any CPU
		{93D99E6F-19A4-4B84-9D66-ACDB7E6407DF}.Debug|Any CPU.ActiveCfg = Debug|Any CPU
		{93D99E6F-19A4-4B84-9D66-ACDB7E6407DF}.Debug|Any CPU.Build.0 = Debug|Any CPU
		{93D99E6F-19A4-4B84-9D66-ACDB7E6407DF}.Release|Any CPU.ActiveCfg = Release|Any CPU
		{93D99E6F-19A4-4B84-9D66-ACDB7E6407DF}.Release|Any CPU.Build.0 = Release|Any CPU
	EndGlobalSection
	GlobalSection(SolutionProperties) = preSolution
		HideSolutionNode = FALSE
	EndGlobalSection
	GlobalSection(ExtensibilityGlobals) = postSolution
		SolutionGuid = {86829102-F170-4433-AD6C-A2FCBC88D2BA}
	EndGlobalSection
EndGlobal
